<?xml version="1.0" encoding="UTF-8" standalone="yes" ?>
<CodeBlocks_project_file>
	<FileVersion major="1" minor="6" />
	<Project>
		<Option title="Mostasa" />
		<Option pch_mode="2" />
		<Option compiler="gcc" />
		<Build>
			<Target title="Debug">
				<Option output="bin/Debug/Mostasa" prefix_auto="1" extension_auto="1" />
				<Option object_output="obj/Debug/" />
				<Option type="1" />
				<Option compiler="gcc" />
				<Compiler>
					<Add option="-g" />
					<Add directory="Fecha" />
					<Add directory="C:/Users/berna/OneDrive - frgp.utn.edu.ar/Programacion/Laboratorio de Computación II/2024/Proyecto Final Mostasa Lab II/Proyecto-Final-LAB-II/Mostasa/Fecha" />
					<Add directory="C:/Users/berna/OneDrive - frgp.utn.edu.ar/Programacion/Laboratorio de Computación II/2024/Proyecto Final Mostasa Lab II/Proyecto-Final-LAB-II/Mostasa/MenuManager" />
					<Add directory="C:/Users/berna/OneDrive - frgp.utn.edu.ar/Programacion/Laboratorio de Computación II/2024/Proyecto Final Mostasa Lab II/Proyecto-Final-LAB-II/Mostasa/Productos" />
				</Compiler>
			</Target>
			<Target title="Release">
				<Option output="bin/Release/Mostasa" prefix_auto="1" extension_auto="1" />
				<Option object_output="obj/Release/" />
				<Option type="1" />
				<Option compiler="gcc" />
				<Compiler>
					<Add option="-O2" />
				</Compiler>
				<Linker>
					<Add option="-s" />
				</Linker>
			</Target>
		</Build>
		<Compiler>
			<Add option="-Wall" />
			<Add option="-fexceptions" />
			<Add directory="C:/Users/berna/OneDrive - frgp.utn.edu.ar/Programacion/Laboratorio de Computación II/2024/Proyecto Final Mostasa Lab II/Proyecto-Final-LAB-II/Mostasa/Clientes" />
			<Add directory="C:/Users/berna/OneDrive - frgp.utn.edu.ar/Programacion/Laboratorio de Computación II/2024/Proyecto Final Mostasa Lab II/Proyecto-Final-LAB-II/Mostasa/MenuManager" />
		</Compiler>
		<Unit filename="Clientes/Clientes.cpp" />
		<Unit filename="Clientes/Clientes.h">
			<Option target="&lt;{~None~}&gt;" />
		</Unit>
		<Unit filename="Clientes/ClientesArchivo.cpp" />
		<Unit filename="Clientes/ClientesArchivo.h">
			<Option target="Release" />
		</Unit>
		<Unit filename="Clientes/ClientesManager.cpp" />
		<Unit filename="Clientes/ClientesManager.h">
			<Option target="&lt;{~None~}&gt;" />
		</Unit>
		<Unit filename="Fecha/Fecha.cpp" />
		<Unit filename="Fecha/Fecha.h" />
		<Unit filename="MenuManager/MenuManager.cpp" />
		<Unit filename="MenuManager/MenuManager.h">
			<Option target="&lt;{~None~}&gt;" />
		</Unit>
		<Unit filename="Productos/Productos.cpp" />
		<Unit filename="Productos/Productos.h" />
		<Unit filename="Productos/ProductosArchivo.cpp" />
		<Unit filename="Productos/ProductosArchivo.h" />
		<Unit filename="Productos/ProductosManager.cpp" />
		<Unit filename="Productos/ProductosManager.h" />
		<Unit filename="main.cpp" />
		<Extensions />
	</Project>
</CodeBlocks_project_file>
